// !$*UTF8*$!
{
	archiveVersion = 1;
	classes = {
	};
	objectVersion = 46;
	objects = {

/* Begin PBXBuildFile section */
		E80471471F00A11E00966EE0 /* main.m in Sources */ = {isa = PBXBuildFile; fileRef = E80471461F00A11E00966EE0 /* main.m */; };
		E804714A1F00A11E00966EE0 /* AppDelegate.m in Sources */ = {isa = PBXBuildFile; fileRef = E80471491F00A11E00966EE0 /* AppDelegate.m */; };
		E804714D1F00A11E00966EE0 /* ViewController.m in Sources */ = {isa = PBXBuildFile; fileRef = E804714C1F00A11E00966EE0 /* ViewController.m */; };
		E80471501F00A11E00966EE0 /* Main.storyboard in Resources */ = {isa = PBXBuildFile; fileRef = E804714E1F00A11E00966EE0 /* Main.storyboard */; };
		E80471521F00A11E00966EE0 /* Assets.xcassets in Resources */ = {isa = PBXBuildFile; fileRef = E80471511F00A11E00966EE0 /* Assets.xcassets */; };
		E80471551F00A11E00966EE0 /* LaunchScreen.storyboard in Resources */ = {isa = PBXBuildFile; fileRef = E80471531F00A11E00966EE0 /* LaunchScreen.storyboard */; };
		E804715E1F00A18B00966EE0 /* FirstViewController.m in Sources */ = {isa = PBXBuildFile; fileRef = E804715D1F00A18B00966EE0 /* FirstViewController.m */; };
		E80471611F00A19300966EE0 /* SecondViewController.m in Sources */ = {isa = PBXBuildFile; fileRef = E80471601F00A19300966EE0 /* SecondViewController.m */; };
		E80471B71F020B8D00966EE0 /* MSCache.m in Sources */ = {isa = PBXBuildFile; fileRef = E80471B61F020B8D00966EE0 /* MSCache.m */; };
/* End PBXBuildFile section */

/* Begin PBXFileReference section */
		E80471421F00A11E00966EE0 /* 内存缓存.app */ = {isa = PBXFileReference; explicitFileType = wrapper.application; includeInIndex = 0; path = "内存缓存.app"; sourceTree = BUILT_PRODUCTS_DIR; };
		E80471461F00A11E00966EE0 /* main.m */ = {isa = PBXFileReference; lastKnownFileType = sourcecode.c.objc; path = main.m; sourceTree = "<group>"; };
		E80471481F00A11E00966EE0 /* AppDelegate.h */ = {isa = PBXFileReference; lastKnownFileType = sourcecode.c.h; path = AppDelegate.h; sourceTree = "<group>"; };
		E80471491F00A11E00966EE0 /* AppDelegate.m */ = {isa = PBXFileReference; lastKnownFileType = sourcecode.c.objc; path = AppDelegate.m; sourceTree = "<group>"; };
		E804714B1F00A11E00966EE0 /* ViewController.h */ = {isa = PBXFileReference; lastKnownFileType = sourcecode.c.h; path = ViewController.h; sourceTree = "<group>"; };
		E804714C1F00A11E00966EE0 /* ViewController.m */ = {isa = PBXFileReference; lastKnownFileType = sourcecode.c.objc; path = ViewController.m; sourceTree = "<group>"; };
		E804714F1F00A11E00966EE0 /* Base */ = {isa = PBXFileReference; lastKnownFileType = file.storyboard; name = Base; path = Base.lproj/Main.storyboard; sourceTree = "<group>"; };
		E80471511F00A11E00966EE0 /* Assets.xcassets */ = {isa = PBXFileReference; lastKnownFileType = folder.assetcatalog; path = Assets.xcassets; sourceTree = "<group>"; };
		E80471541F00A11E00966EE0 /* Base */ = {isa = PBXFileReference; lastKnownFileType = file.storyboard; name = Base; path = Base.lproj/LaunchScreen.storyboard; sourceTree = "<group>"; };
		E80471561F00A11E00966EE0 /* Info.plist */ = {isa = PBXFileReference; lastKnownFileType = text.plist.xml; path = Info.plist; sourceTree = "<group>"; };
		E804715C1F00A18B00966EE0 /* FirstViewController.h */ = {isa = PBXFileReference; fileEncoding = 4; lastKnownFileType = sourcecode.c.h; path = FirstViewController.h; sourceTree = "<group>"; };
		E804715D1F00A18B00966EE0 /* FirstViewController.m */ = {isa = PBXFileReference; fileEncoding = 4; lastKnownFileType = sourcecode.c.objc; path = FirstViewController.m; sourceTree = "<group>"; };
		E804715F1F00A19300966EE0 /* SecondViewController.h */ = {isa = PBXFileReference; fileEncoding = 4; lastKnownFileType = sourcecode.c.h; path = SecondViewController.h; sourceTree = "<group>"; };
		E80471601F00A19300966EE0 /* SecondViewController.m */ = {isa = PBXFileReference; fileEncoding = 4; lastKnownFileType = sourcecode.c.objc; path = SecondViewController.m; sourceTree = "<group>"; };
		E80471B51F020B8D00966EE0 /* MSCache.h */ = {isa = PBXFileReference; fileEncoding = 4; lastKnownFileType = sourcecode.c.h; path = MSCache.h; sourceTree = "<group>"; };
		E80471B61F020B8D00966EE0 /* MSCache.m */ = {isa = PBXFileReference; fileEncoding = 4; lastKnownFileType = sourcecode.c.objc; path = MSCache.m; sourceTree = "<group>"; };
/* End PBXFileReference section */

/* Begin PBXFrameworksBuildPhase section */
		E804713F1F00A11E00966EE0 /* Frameworks */ = {
			isa = PBXFrameworksBuildPhase;
			buildActionMask = 2147483647;
			files = (
			);
			runOnlyForDeploymentPostprocessing = 0;
		};
/* End PBXFrameworksBuildPhase section */

/* Begin PBXGroup section */
		E80471391F00A11E00966EE0 = {
			isa = PBXGroup;
			children = (
				E80471441F00A11E00966EE0 /* 内存缓存 */,
				E80471431F00A11E00966EE0 /* Products */,
			);
			sourceTree = "<group>";
		};
		E80471431F00A11E00966EE0 /* Products */ = {
			isa = PBXGroup;
			children = (
				E80471421F00A11E00966EE0 /* 内存缓存.app */,
			);
			name = Products;
			sourceTree = "<group>";
		};
		E80471441F00A11E00966EE0 /* 内存缓存 */ = {
			isa = PBXGroup;
			children = (
				E80471481F00A11E00966EE0 /* AppDelegate.h */,
				E80471491F00A11E00966EE0 /* AppDelegate.m */,
				E804714B1F00A11E00966EE0 /* ViewController.h */,
				E804714C1F00A11E00966EE0 /* ViewController.m */,
				E80471B51F020B8D00966EE0 /* MSCache.h */,
				E80471B61F020B8D00966EE0 /* MSCache.m */,
				E804715C1F00A18B00966EE0 /* FirstViewController.h */,
				E804715D1F00A18B00966EE0 /* FirstViewController.m */,
				E804715F1F00A19300966EE0 /* SecondViewController.h */,
				E80471601F00A19300966EE0 /* SecondViewController.m */,
				E804714E1F00A11E00966EE0 /* Main.storyboard */,
				E80471511F00A11E00966EE0 /* Assets.xcassets */,
				E80471531F00A11E00966EE0 /* LaunchScreen.storyboard */,
				E80471561F00A11E00966EE0 /* Info.plist */,
				E80471451F00A11E00966EE0 /* Supporting Files */,
			);
			path = "内存缓存";
			sourceTree = "<group>";
		};
		E80471451F00A11E00966EE0 /* Supporting Files */ = {
			isa = PBXGroup;
			children = (
				E80471461F00A11E00966EE0 /* main.m */,
			);
			name = "Supporting Files";
			sourceTree = "<group>";
		};
/* End PBXGroup section */

/* Begin PBXNativeTarget section */
		E80471411F00A11E00966EE0 /* 内存缓存 */ = {
			isa = PBXNativeTarget;
			buildConfigurationList = E80471591F00A11E00966EE0 /* Build configuration list for PBXNativeTarget "内存缓存" */;
			buildPhases = (
				E804713E1F00A11E00966EE0 /* Sources */,
				E804713F1F00A11E00966EE0 /* Frameworks */,
				E80471401F00A11E00966EE0 /* Resources */,
			);
			buildRules = (
			);
			dependencies = (
			);
			name = "内存缓存";
			productName = "内存缓存";
			productReference = E80471421F00A11E00966EE0 /* 内存缓存.app */;
			productType = "com.apple.product-type.application";
		};
/* End PBXNativeTarget section */

/* Begin PBXProject section */
		E804713A1F00A11E00966EE0 /* Project object */ = {
			isa = PBXProject;
			attributes = {
				LastUpgradeCheck = 0830;
				ORGANIZATIONNAME = common;
				TargetAttributes = {
					E80471411F00A11E00966EE0 = {
						CreatedOnToolsVersion = 8.3.1;
						ProvisioningStyle = Automatic;
					};
				};
			};
			buildConfigurationList = E804713D1F00A11E00966EE0 /* Build configuration list for PBXProject "内存缓存" */;
			compatibilityVersion = "Xcode 3.2";
			developmentRegion = English;
			hasScannedForEncodings = 0;
			knownRegions = (
				en,
				Base,
			);
			mainGroup = E80471391F00A11E00966EE0;
			productRefGroup = E80471431F00A11E00966EE0 /* Products */;
			projectDirPath = "";
			projectRoot = "";
			targets = (
				E80471411F00A11E00966EE0 /* 内存缓存 */,
			);
		};
/* End PBXProject section */

/* Begin PBXResourcesBuildPhase section */
		E80471401F00A11E00966EE0 /* Resources */ = {
			isa = PBXResourcesBuildPhase;
			buildActionMask = 2147483647;
			files = (
				E80471551F00A11E00966EE0 /* LaunchScreen.storyboard in Resources */,
				E80471521F00A11E00966EE0 /* Assets.xcassets in Resources */,
				E80471501F00A11E00966EE0 /* Main.storyboard in Resources */,
			);
			runOnlyForDeploymentPostprocessing = 0;
		};
/* End PBXResourcesBuildPhase section */

/* Begin PBXSourcesBuildPhase section */
		E804713E1F00A11E00966EE0 /* Sources */ = {
			isa = PBXSourcesBuildPhase;
			buildActionMask = 2147483647;
			files = (
				E80471611F00A19300966EE0 /* SecondViewController.m in Sources */,
				E804714D1F00A11E00966EE0 /* ViewController.m in Sources */,
				E804714A1F00A11E00966EE0 /* AppDelegate.m in Sources */,
				E80471471F00A11E00966EE0 /* main.m in Sources */,
				E80471B71F020B8D00966EE0 /* MSCache.m in Sources */,
				E804715E1F00A18B00966EE0 /* FirstViewController.m in Sources */,
			);
			runOnlyForDeploymentPostprocessing = 0;
		};
/* End PBXSourcesBuildPhase section */

/* Begin PBXVariantGroup section */
		E804714E1F00A11E00966EE0 /* Main.storyboard */ = {
			isa = PBXVariantGroup;
			children = (
				E804714F1F00A11E00966EE0 /* Base */,
			);
			name = Main.storyboard;
			sourceTree = "<group>";
		};
		E80471531F00A11E00966EE0 /* LaunchScreen.storyboard */ = {
			isa = PBXVariantGroup;
			children = (
				E80471541F00A11E00966EE0 /* Base */,
			);
			name = LaunchScreen.storyboard;
			sourceTree = "<group>";
		};
/* End PBXVariantGroup section */

/* Begin XCBuildConfiguration section */
		E80471571F00A11E00966EE0 /* Debug */ = {
			isa = XCBuildConfiguration;
			buildSettings = {
				ALWAYS_SEARCH_USER_PATHS = NO;
				CLANG_ANALYZER_NONNULL = YES;
				CLANG_ANALYZER_NUMBER_OBJECT_CONVERSION = YES_AGGRESSIVE;
				CLANG_CXX_LANGUAGE_STANDARD = "gnu++0x";
				CLANG_CXX_LIBRARY = "libc++";
				CLANG_ENABLE_MODULES = YES;
				CLANG_ENABLE_OBJC_ARC = YES;
				CLANG_WARN_BOOL_CONVERSION = YES;
				CLANG_WARN_CONSTANT_CONVERSION = YES;
				CLANG_WARN_DIRECT_OBJC_ISA_USAGE = YES_ERROR;
				CLANG_WARN_DOCUMENTATION_COMMENTS = YES;
				CLANG_WARN_EMPTY_BODY = YES;
				CLANG_WARN_ENUM_CONVERSION = YES;
				CLANG_WARN_INFINITE_RECURSION = YES;
				CLANG_WARN_INT_CONVERSION = YES;
				CLANG_WARN_OBJC_ROOT_CLASS = YES_ERROR;
				CLANG_WARN_SUSPICIOUS_MOVE = YES;
				CLANG_WARN_UNREACHABLE_CODE = YES;
				CLANG_WARN__DUPLICATE_METHOD_MATCH = YES;
				"CODE_SIGN_IDENTITY[sdk=iphoneos*]" = "iPhone Developer";
				COPY_PHASE_STRIP = NO;
				DEBUG_INFORMATION_FORMAT = dwarf;
				ENABLE_STRICT_OBJC_MSGSEND = YES;
				ENABLE_TESTABILITY = YES;
				GCC_C_LANGUAGE_STANDARD = gnu99;
				GCC_DYNAMIC_NO_PIC = NO;
				GCC_NO_COMMON_BLOCKS = YES;
				GCC_OPTIMIZATION_LEVEL = 0;
				GCC_PREPROCESSOR_DEFINITIONS = (
					"DEBUG=1",
					"$(inherited)",
				);
				GCC_WARN_64_TO_32_BIT_CONVERSION = YES;
				GCC_WARN_ABOUT_RETURN_TYPE = YES_ERROR;
				GCC_WARN_UNDECLARED_SELECTOR = YES;
				GCC_WARN_UNINITIALIZED_AUTOS = YES_AGGRESSIVE;
				GCC_WARN_UNUSED_FUNCTION = YES;
				GCC_WARN_UNUSED_VARIABLE = YES;
				IPHONEOS_DEPLOYMENT_TARGET = 10.3;
				MTL_ENABLE_DEBUG_INFO = YES;
				ONLY_ACTIVE_ARCH = YES;
				SDKROOT = iphoneos;
			};
			name = Debug;
		};
		E80471581F00A11E00966EE0 /* Release */ = {
			isa = XCBuildConfiguration;
			buildSettings = {
				ALWAYS_SEARCH_USER_PATHS = NO;
				CLANG_ANALYZER_NONNULL = YES;
				CLANG_ANALYZER_NUMBER_OBJECT_CONVERSION = YES_AGGRESSIVE;
				CLANG_CXX_LANGUAGE_STANDARD = "gnu++0x";
				CLANG_CXX_LIBRARY = "libc++";
				CLANG_ENABLE_MODULES = YES;
				CLANG_ENABLE_OBJC_ARC = YES;
				CLANG_WARN_BOOL_CONVERSION = YES;
				CLANG_WARN_CONSTANT_CONVERSION = YES;
				CLANG_WARN_DIRECT_OBJC_ISA_USAGE = YES_ERROR;
				CLANG_WARN_DOCUMENTATION_COMMENTS = YES;
				CLANG_WARN_EMPTY_BODY = YES;
				CLANG_WARN_ENUM_CONVERSION = YES;
				CLANG_WARN_INFINITE_RECURSION = YES;
				CLANG_WARN_INT_CONVERSION = YES;
				CLANG_WARN_OBJC_ROOT_CLASS = YES_ERROR;
				CLANG_WARN_SUSPICIOUS_MOVE = YES;
				CLANG_WARN_UNREACHABLE_CODE = YES;
				CLANG_WARN__DUPLICATE_METHOD_MATCH = YES;
				"CODE_SIGN_IDENTITY[sdk=iphoneos*]" = "iPhone Developer";
				COPY_PHASE_STRIP = NO;
				DEBUG_INFORMATION_FORMAT = "dwarf-with-dsym";
				ENABLE_NS_ASSERTIONS = NO;
				ENABLE_STRICT_OBJC_MSGSEND = YES;
				GCC_C_LANGUAGE_STANDARD = gnu99;
				GCC_NO_COMMON_BLOCKS = YES;
				GCC_WARN_64_TO_32_BIT_CONVERSION = YES;
				GCC_WARN_ABOUT_RETURN_TYPE = YES_ERROR;
				GCC_WARN_UNDECLARED_SELECTOR = YES;
				GCC_WARN_UNINITIALIZED_AUTOS = YES_AGGRESSIVE;
				GCC_WARN_UNUSED_FUNCTION = YES;
				GCC_WARN_UNUSED_VARIABLE = YES;
				IPHONEOS_DEPLOYMENT_TARGET = 10.3;
				MTL_ENABLE_DEBUG_INFO = NO;
				SDKROOT = iphoneos;
				VALIDATE_PRODUCT = YES;
			};
			name = Release;
		};
		E804715A1F00A11E00966EE0 /* Debug */ = {
			isa = XCBuildConfiguration;
			buildSettings = {
				ASSETCATALOG_COMPILER_APPICON_NAME = AppIcon;
				INFOPLIST_FILE = "内存缓存/Info.plist";
				LD_RUNPATH_SEARCH_PATHS = "$(inherited) @executable_path/Frameworks";
				PRODUCT_BUNDLE_IDENTIFIER = "com.common.----";
				PRODUCT_NAME = "$(TARGET_NAME)";
			};
			name = Debug;
		};
		E804715B1F00A11E00966EE0 /* Release */ = {
			isa = XCBuildConfiguration;
			buildSettings = {
				ASSETCATALOG_COMPILER_APPICON_NAME = AppIcon;
				INFOPLIST_FILE = "内存缓存/Info.plist";
				LD_RUNPATH_SEARCH_PATHS = "$(inherited) @executable_path/Frameworks";
				PRODUCT_BUNDLE_IDENTIFIER = "com.common.----";
				PRODUCT_NAME = "$(TARGET_NAME)";
			};
			name = Release;
		};
/* End XCBuildConfiguration section */

/* Begin XCConfigurationList section */
		E804713D1F00A11E00966EE0 /* Build configuration list for PBXProject "内存缓存" */ = {
			isa = XCConfigurationList;
			buildConfigurations = (
				E80471571F00A11E00966EE0 /* Debug */,
				E80471581F00A11E00966EE0 /* Release */,
			);
			defaultConfigurationIsVisible = 0;
			defaultConfigurationName = Release;
		};
		E80471591F00A11E00966EE0 /* Build configuration list for PBXNativeTarget "内存缓存" */ = {
			isa = XCConfigurationList;
			buildConfigurations = (
				E804715A1F00A11E00966EE0 /* Debug */,
				E804715B1F00A11E00966EE0 /* Release */,
			);
			defaultConfigurationIsVisible = 0;
			defaultConfigurationName = Release;
		};
/* End XCConfigurationList section */
	};
	rootObject = E804713A1F00A11E00966EE0 /* Project object */;
}
