// !$*UTF8*$!
{
	archiveVersion = 1;
	classes = {
	};
	objectVersion = 46;
	objects = {

/* Begin PBXBuildFile section */
		E83977A01EFCE72B00422A52 /* main.m in Sources */ = {isa = PBXBuildFile; fileRef = E839779F1EFCE72B00422A52 /* main.m */; };
		E83977A31EFCE72B00422A52 /* AppDelegate.m in Sources */ = {isa = PBXBuildFile; fileRef = E83977A21EFCE72B00422A52 /* AppDelegate.m */; };
		E83977A61EFCE72B00422A52 /* ViewController.m in Sources */ = {isa = PBXBuildFile; fileRef = E83977A51EFCE72B00422A52 /* ViewController.m */; };
		E83977A91EFCE72B00422A52 /* Main.storyboard in Resources */ = {isa = PBXBuildFile; fileRef = E83977A71EFCE72B00422A52 /* Main.storyboard */; };
		E83977AB1EFCE72B00422A52 /* Assets.xcassets in Resources */ = {isa = PBXBuildFile; fileRef = E83977AA1EFCE72B00422A52 /* Assets.xcassets */; };
		E83977AE1EFCE72B00422A52 /* LaunchScreen.storyboard in Resources */ = {isa = PBXBuildFile; fileRef = E83977AC1EFCE72B00422A52 /* LaunchScreen.storyboard */; };
		E83977C31EFCEB9700422A52 /* Localizable.strings in Resources */ = {isa = PBXBuildFile; fileRef = E83977C51EFCEB9700422A52 /* Localizable.strings */; };
/* End PBXBuildFile section */

/* Begin PBXFileReference section */
		E839779B1EFCE72B00422A52 /* 刷新.app */ = {isa = PBXFileReference; explicitFileType = wrapper.application; includeInIndex = 0; path = "刷新.app"; sourceTree = BUILT_PRODUCTS_DIR; };
		E839779F1EFCE72B00422A52 /* main.m */ = {isa = PBXFileReference; lastKnownFileType = sourcecode.c.objc; path = main.m; sourceTree = "<group>"; };
		E83977A11EFCE72B00422A52 /* AppDelegate.h */ = {isa = PBXFileReference; lastKnownFileType = sourcecode.c.h; path = AppDelegate.h; sourceTree = "<group>"; };
		E83977A21EFCE72B00422A52 /* AppDelegate.m */ = {isa = PBXFileReference; lastKnownFileType = sourcecode.c.objc; path = AppDelegate.m; sourceTree = "<group>"; };
		E83977A41EFCE72B00422A52 /* ViewController.h */ = {isa = PBXFileReference; lastKnownFileType = sourcecode.c.h; path = ViewController.h; sourceTree = "<group>"; };
		E83977A51EFCE72B00422A52 /* ViewController.m */ = {isa = PBXFileReference; lastKnownFileType = sourcecode.c.objc; path = ViewController.m; sourceTree = "<group>"; };
		E83977A81EFCE72B00422A52 /* Base */ = {isa = PBXFileReference; lastKnownFileType = file.storyboard; name = Base; path = Base.lproj/Main.storyboard; sourceTree = "<group>"; };
		E83977AA1EFCE72B00422A52 /* Assets.xcassets */ = {isa = PBXFileReference; lastKnownFileType = folder.assetcatalog; path = Assets.xcassets; sourceTree = "<group>"; };
		E83977AD1EFCE72B00422A52 /* Base */ = {isa = PBXFileReference; lastKnownFileType = file.storyboard; name = Base; path = Base.lproj/LaunchScreen.storyboard; sourceTree = "<group>"; };
		E83977AF1EFCE72B00422A52 /* Info.plist */ = {isa = PBXFileReference; lastKnownFileType = text.plist.xml; path = Info.plist; sourceTree = "<group>"; };
		E83977BD1EFCEB7400422A52 /* ja */ = {isa = PBXFileReference; lastKnownFileType = text.plist.strings; name = ja; path = ja.lproj/Main.strings; sourceTree = "<group>"; };
		E83977BE1EFCEB7400422A52 /* ja */ = {isa = PBXFileReference; lastKnownFileType = text.plist.strings; name = ja; path = ja.lproj/LaunchScreen.strings; sourceTree = "<group>"; };
		E83977BF1EFCEB7B00422A52 /* ko */ = {isa = PBXFileReference; lastKnownFileType = text.plist.strings; name = ko; path = ko.lproj/Main.strings; sourceTree = "<group>"; };
		E83977C01EFCEB7B00422A52 /* ko */ = {isa = PBXFileReference; lastKnownFileType = text.plist.strings; name = ko; path = ko.lproj/LaunchScreen.strings; sourceTree = "<group>"; };
		E83977C21EFCEB8900422A52 /* en */ = {isa = PBXFileReference; lastKnownFileType = text.plist.strings; name = en; path = en.lproj/Main.strings; sourceTree = "<group>"; };
		E83977C41EFCEB9700422A52 /* Base */ = {isa = PBXFileReference; lastKnownFileType = text.plist.strings; name = Base; path = Base.lproj/Localizable.strings; sourceTree = "<group>"; };
		E83977C61EFCEB9B00422A52 /* en */ = {isa = PBXFileReference; lastKnownFileType = text.plist.strings; name = en; path = en.lproj/Localizable.strings; sourceTree = "<group>"; };
		E83977C71EFCEB9C00422A52 /* ja */ = {isa = PBXFileReference; lastKnownFileType = text.plist.strings; name = ja; path = ja.lproj/Localizable.strings; sourceTree = "<group>"; };
		E83977C81EFCEB9D00422A52 /* ko */ = {isa = PBXFileReference; lastKnownFileType = text.plist.strings; name = ko; path = ko.lproj/Localizable.strings; sourceTree = "<group>"; };
		E83977C91EFCEC2900422A52 /* zh-Hans */ = {isa = PBXFileReference; lastKnownFileType = text.plist.strings; name = "zh-Hans"; path = "zh-Hans.lproj/Main.strings"; sourceTree = "<group>"; };
		E83977CA1EFCEC2900422A52 /* zh-Hans */ = {isa = PBXFileReference; lastKnownFileType = text.plist.strings; name = "zh-Hans"; path = "zh-Hans.lproj/LaunchScreen.strings"; sourceTree = "<group>"; };
		E83977CB1EFCEC2900422A52 /* zh-Hans */ = {isa = PBXFileReference; lastKnownFileType = text.plist.strings; name = "zh-Hans"; path = "zh-Hans.lproj/Localizable.strings"; sourceTree = "<group>"; };
/* End PBXFileReference section */

/* Begin PBXFrameworksBuildPhase section */
		E83977981EFCE72B00422A52 /* Frameworks */ = {
			isa = PBXFrameworksBuildPhase;
			buildActionMask = 2147483647;
			files = (
			);
			runOnlyForDeploymentPostprocessing = 0;
		};
/* End PBXFrameworksBuildPhase section */

/* Begin PBXGroup section */
		E83977921EFCE72B00422A52 = {
			isa = PBXGroup;
			children = (
				E839779D1EFCE72B00422A52 /* 刷新 */,
				E839779C1EFCE72B00422A52 /* Products */,
			);
			sourceTree = "<group>";
		};
		E839779C1EFCE72B00422A52 /* Products */ = {
			isa = PBXGroup;
			children = (
				E839779B1EFCE72B00422A52 /* 刷新.app */,
			);
			name = Products;
			sourceTree = "<group>";
		};
		E839779D1EFCE72B00422A52 /* 刷新 */ = {
			isa = PBXGroup;
			children = (
				E83977A11EFCE72B00422A52 /* AppDelegate.h */,
				E83977A21EFCE72B00422A52 /* AppDelegate.m */,
				E83977A41EFCE72B00422A52 /* ViewController.h */,
				E83977A51EFCE72B00422A52 /* ViewController.m */,
				E83977C51EFCEB9700422A52 /* Localizable.strings */,
				E83977A71EFCE72B00422A52 /* Main.storyboard */,
				E83977AA1EFCE72B00422A52 /* Assets.xcassets */,
				E83977AC1EFCE72B00422A52 /* LaunchScreen.storyboard */,
				E83977AF1EFCE72B00422A52 /* Info.plist */,
				E839779E1EFCE72B00422A52 /* Supporting Files */,
			);
			path = "刷新";
			sourceTree = "<group>";
		};
		E839779E1EFCE72B00422A52 /* Supporting Files */ = {
			isa = PBXGroup;
			children = (
				E839779F1EFCE72B00422A52 /* main.m */,
			);
			name = "Supporting Files";
			sourceTree = "<group>";
		};
/* End PBXGroup section */

/* Begin PBXNativeTarget section */
		E839779A1EFCE72B00422A52 /* 刷新 */ = {
			isa = PBXNativeTarget;
			buildConfigurationList = E83977B21EFCE72B00422A52 /* Build configuration list for PBXNativeTarget "刷新" */;
			buildPhases = (
				E83977971EFCE72B00422A52 /* Sources */,
				E83977981EFCE72B00422A52 /* Frameworks */,
				E83977991EFCE72B00422A52 /* Resources */,
			);
			buildRules = (
			);
			dependencies = (
			);
			name = "刷新";
			productName = "刷新";
			productReference = E839779B1EFCE72B00422A52 /* 刷新.app */;
			productType = "com.apple.product-type.application";
		};
/* End PBXNativeTarget section */

/* Begin PBXProject section */
		E83977931EFCE72B00422A52 /* Project object */ = {
			isa = PBXProject;
			attributes = {
				LastUpgradeCheck = 0830;
				ORGANIZATIONNAME = common;
				TargetAttributes = {
					E839779A1EFCE72B00422A52 = {
						CreatedOnToolsVersion = 8.3.1;
						ProvisioningStyle = Automatic;
					};
				};
			};
			buildConfigurationList = E83977961EFCE72B00422A52 /* Build configuration list for PBXProject "刷新" */;
			compatibilityVersion = "Xcode 3.2";
			developmentRegion = English;
			hasScannedForEncodings = 0;
			knownRegions = (
				en,
				Base,
				ja,
				ko,
				"zh-Hans",
			);
			mainGroup = E83977921EFCE72B00422A52;
			productRefGroup = E839779C1EFCE72B00422A52 /* Products */;
			projectDirPath = "";
			projectRoot = "";
			targets = (
				E839779A1EFCE72B00422A52 /* 刷新 */,
			);
		};
/* End PBXProject section */

/* Begin PBXResourcesBuildPhase section */
		E83977991EFCE72B00422A52 /* Resources */ = {
			isa = PBXResourcesBuildPhase;
			buildActionMask = 2147483647;
			files = (
				E83977AE1EFCE72B00422A52 /* LaunchScreen.storyboard in Resources */,
				E83977C31EFCEB9700422A52 /* Localizable.strings in Resources */,
				E83977AB1EFCE72B00422A52 /* Assets.xcassets in Resources */,
				E83977A91EFCE72B00422A52 /* Main.storyboard in Resources */,
			);
			runOnlyForDeploymentPostprocessing = 0;
		};
/* End PBXResourcesBuildPhase section */

/* Begin PBXSourcesBuildPhase section */
		E83977971EFCE72B00422A52 /* Sources */ = {
			isa = PBXSourcesBuildPhase;
			buildActionMask = 2147483647;
			files = (
				E83977A61EFCE72B00422A52 /* ViewController.m in Sources */,
				E83977A31EFCE72B00422A52 /* AppDelegate.m in Sources */,
				E83977A01EFCE72B00422A52 /* main.m in Sources */,
			);
			runOnlyForDeploymentPostprocessing = 0;
		};
/* End PBXSourcesBuildPhase section */

/* Begin PBXVariantGroup section */
		E83977A71EFCE72B00422A52 /* Main.storyboard */ = {
			isa = PBXVariantGroup;
			children = (
				E83977A81EFCE72B00422A52 /* Base */,
				E83977BD1EFCEB7400422A52 /* ja */,
				E83977BF1EFCEB7B00422A52 /* ko */,
				E83977C21EFCEB8900422A52 /* en */,
				E83977C91EFCEC2900422A52 /* zh-Hans */,
			);
			name = Main.storyboard;
			sourceTree = "<group>";
		};
		E83977AC1EFCE72B00422A52 /* LaunchScreen.storyboard */ = {
			isa = PBXVariantGroup;
			children = (
				E83977AD1EFCE72B00422A52 /* Base */,
				E83977BE1EFCEB7400422A52 /* ja */,
				E83977C01EFCEB7B00422A52 /* ko */,
				E83977CA1EFCEC2900422A52 /* zh-Hans */,
			);
			name = LaunchScreen.storyboard;
			sourceTree = "<group>";
		};
		E83977C51EFCEB9700422A52 /* Localizable.strings */ = {
			isa = PBXVariantGroup;
			children = (
				E83977C41EFCEB9700422A52 /* Base */,
				E83977C61EFCEB9B00422A52 /* en */,
				E83977C71EFCEB9C00422A52 /* ja */,
				E83977C81EFCEB9D00422A52 /* ko */,
				E83977CB1EFCEC2900422A52 /* zh-Hans */,
			);
			name = Localizable.strings;
			sourceTree = "<group>";
		};
/* End PBXVariantGroup section */

/* Begin XCBuildConfiguration section */
		E83977B01EFCE72B00422A52 /* Debug */ = {
			isa = XCBuildConfiguration;
			buildSettings = {
				ALWAYS_SEARCH_USER_PATHS = NO;
				CLANG_ANALYZER_LOCALIZABILITY_NONLOCALIZED = YES;
				CLANG_ANALYZER_NONNULL = YES;
				CLANG_ANALYZER_NUMBER_OBJECT_CONVERSION = YES_AGGRESSIVE;
				CLANG_CXX_LANGUAGE_STANDARD = "gnu++0x";
				CLANG_CXX_LIBRARY = "libc++";
				CLANG_ENABLE_MODULES = YES;
				CLANG_ENABLE_OBJC_ARC = YES;
				CLANG_WARN_BOOL_CONVERSION = YES;
				CLANG_WARN_CONSTANT_CONVERSION = YES;
				CLANG_WARN_DIRECT_OBJC_ISA_USAGE = YES_ERROR;
				CLANG_WARN_DOCUMENTATION_COMMENTS = YES;
				CLANG_WARN_EMPTY_BODY = YES;
				CLANG_WARN_ENUM_CONVERSION = YES;
				CLANG_WARN_INFINITE_RECURSION = YES;
				CLANG_WARN_INT_CONVERSION = YES;
				CLANG_WARN_OBJC_ROOT_CLASS = YES_ERROR;
				CLANG_WARN_SUSPICIOUS_MOVE = YES;
				CLANG_WARN_UNREACHABLE_CODE = YES;
				CLANG_WARN__DUPLICATE_METHOD_MATCH = YES;
				"CODE_SIGN_IDENTITY[sdk=iphoneos*]" = "iPhone Developer";
				COPY_PHASE_STRIP = NO;
				DEBUG_INFORMATION_FORMAT = dwarf;
				ENABLE_STRICT_OBJC_MSGSEND = YES;
				ENABLE_TESTABILITY = YES;
				GCC_C_LANGUAGE_STANDARD = gnu99;
				GCC_DYNAMIC_NO_PIC = NO;
				GCC_NO_COMMON_BLOCKS = YES;
				GCC_OPTIMIZATION_LEVEL = 0;
				GCC_PREPROCESSOR_DEFINITIONS = (
					"DEBUG=1",
					"$(inherited)",
				);
				GCC_WARN_64_TO_32_BIT_CONVERSION = YES;
				GCC_WARN_ABOUT_RETURN_TYPE = YES_ERROR;
				GCC_WARN_UNDECLARED_SELECTOR = YES;
				GCC_WARN_UNINITIALIZED_AUTOS = YES_AGGRESSIVE;
				GCC_WARN_UNUSED_FUNCTION = YES;
				GCC_WARN_UNUSED_VARIABLE = YES;
				IPHONEOS_DEPLOYMENT_TARGET = 10.3;
				MTL_ENABLE_DEBUG_INFO = YES;
				ONLY_ACTIVE_ARCH = YES;
				SDKROOT = iphoneos;
			};
			name = Debug;
		};
		E83977B11EFCE72B00422A52 /* Release */ = {
			isa = XCBuildConfiguration;
			buildSettings = {
				ALWAYS_SEARCH_USER_PATHS = NO;
				CLANG_ANALYZER_LOCALIZABILITY_NONLOCALIZED = YES;
				CLANG_ANALYZER_NONNULL = YES;
				CLANG_ANALYZER_NUMBER_OBJECT_CONVERSION = YES_AGGRESSIVE;
				CLANG_CXX_LANGUAGE_STANDARD = "gnu++0x";
				CLANG_CXX_LIBRARY = "libc++";
				CLANG_ENABLE_MODULES = YES;
				CLANG_ENABLE_OBJC_ARC = YES;
				CLANG_WARN_BOOL_CONVERSION = YES;
				CLANG_WARN_CONSTANT_CONVERSION = YES;
				CLANG_WARN_DIRECT_OBJC_ISA_USAGE = YES_ERROR;
				CLANG_WARN_DOCUMENTATION_COMMENTS = YES;
				CLANG_WARN_EMPTY_BODY = YES;
				CLANG_WARN_ENUM_CONVERSION = YES;
				CLANG_WARN_INFINITE_RECURSION = YES;
				CLANG_WARN_INT_CONVERSION = YES;
				CLANG_WARN_OBJC_ROOT_CLASS = YES_ERROR;
				CLANG_WARN_SUSPICIOUS_MOVE = YES;
				CLANG_WARN_UNREACHABLE_CODE = YES;
				CLANG_WARN__DUPLICATE_METHOD_MATCH = YES;
				"CODE_SIGN_IDENTITY[sdk=iphoneos*]" = "iPhone Developer";
				COPY_PHASE_STRIP = NO;
				DEBUG_INFORMATION_FORMAT = "dwarf-with-dsym";
				ENABLE_NS_ASSERTIONS = NO;
				ENABLE_STRICT_OBJC_MSGSEND = YES;
				GCC_C_LANGUAGE_STANDARD = gnu99;
				GCC_NO_COMMON_BLOCKS = YES;
				GCC_WARN_64_TO_32_BIT_CONVERSION = YES;
				GCC_WARN_ABOUT_RETURN_TYPE = YES_ERROR;
				GCC_WARN_UNDECLARED_SELECTOR = YES;
				GCC_WARN_UNINITIALIZED_AUTOS = YES_AGGRESSIVE;
				GCC_WARN_UNUSED_FUNCTION = YES;
				GCC_WARN_UNUSED_VARIABLE = YES;
				IPHONEOS_DEPLOYMENT_TARGET = 10.3;
				MTL_ENABLE_DEBUG_INFO = NO;
				SDKROOT = iphoneos;
				VALIDATE_PRODUCT = YES;
			};
			name = Release;
		};
		E83977B31EFCE72B00422A52 /* Debug */ = {
			isa = XCBuildConfiguration;
			buildSettings = {
				ASSETCATALOG_COMPILER_APPICON_NAME = AppIcon;
				INFOPLIST_FILE = "刷新/Info.plist";
				LD_RUNPATH_SEARCH_PATHS = "$(inherited) @executable_path/Frameworks";
				PRODUCT_BUNDLE_IDENTIFIER = "com.common.--";
				PRODUCT_NAME = "$(TARGET_NAME)";
			};
			name = Debug;
		};
		E83977B41EFCE72B00422A52 /* Release */ = {
			isa = XCBuildConfiguration;
			buildSettings = {
				ASSETCATALOG_COMPILER_APPICON_NAME = AppIcon;
				INFOPLIST_FILE = "刷新/Info.plist";
				LD_RUNPATH_SEARCH_PATHS = "$(inherited) @executable_path/Frameworks";
				PRODUCT_BUNDLE_IDENTIFIER = "com.common.--";
				PRODUCT_NAME = "$(TARGET_NAME)";
			};
			name = Release;
		};
/* End XCBuildConfiguration section */

/* Begin XCConfigurationList section */
		E83977961EFCE72B00422A52 /* Build configuration list for PBXProject "刷新" */ = {
			isa = XCConfigurationList;
			buildConfigurations = (
				E83977B01EFCE72B00422A52 /* Debug */,
				E83977B11EFCE72B00422A52 /* Release */,
			);
			defaultConfigurationIsVisible = 0;
			defaultConfigurationName = Release;
		};
		E83977B21EFCE72B00422A52 /* Build configuration list for PBXNativeTarget "刷新" */ = {
			isa = XCConfigurationList;
			buildConfigurations = (
				E83977B31EFCE72B00422A52 /* Debug */,
				E83977B41EFCE72B00422A52 /* Release */,
			);
			defaultConfigurationIsVisible = 0;
		};
/* End XCConfigurationList section */
	};
	rootObject = E83977931EFCE72B00422A52 /* Project object */;
}
